
Microsoft Visual Studio Solution File, Format Version 11.00
# Visual Studio 2010
Project("{2150E333-8FDC-42A3-9474-1A3956D46DE8}") = "SqlDataProviders", "SqlDataProviders", "{BE9A194D-DF73-4822-8CAE-2200BCF8F9B4}"
	ProjectSection(SolutionItems) = preProject
		Providers\DataProviders\SqlDataProvider\01.00.00.SqlDataProvider = Providers\DataProviders\SqlDataProvider\01.00.00.SqlDataProvider
		Providers\DataProviders\SqlDataProvider\01.00.01.SqlDataProvider = Providers\DataProviders\SqlDataProvider\01.00.01.SqlDataProvider
		Providers\DataProviders\SqlDataProvider\02.00.00.SqlDataProvider = Providers\DataProviders\SqlDataProvider\02.00.00.SqlDataProvider
		Providers\DataProviders\SqlDataProvider\02.00.01.SqlDataProvider = Providers\DataProviders\SqlDataProvider\02.00.01.SqlDataProvider
		Providers\DataProviders\SqlDataProvider\02.00.02.SqlDataProvider = Providers\DataProviders\SqlDataProvider\02.00.02.SqlDataProvider
		Providers\DataProviders\SqlDataProvider\02.00.03.SqlDataProvider = Providers\DataProviders\SqlDataProvider\02.00.03.SqlDataProvider
		Providers\DataProviders\SqlDataProvider\02.00.05.SqlDataProvider = Providers\DataProviders\SqlDataProvider\02.00.05.SqlDataProvider
		Providers\DataProviders\SqlDataProvider\02.00.06.SqlDataProvider = Providers\DataProviders\SqlDataProvider\02.00.06.SqlDataProvider
		Providers\DataProviders\SqlDataProvider\02.00.07.SqlDataProvider = Providers\DataProviders\SqlDataProvider\02.00.07.SqlDataProvider
		Providers\DataProviders\SqlDataProvider\02.01.00.SqlDataProvider = Providers\DataProviders\SqlDataProvider\02.01.00.SqlDataProvider
		Providers\DataProviders\SqlDataProvider\02.01.05.SqlDataProvider = Providers\DataProviders\SqlDataProvider\02.01.05.SqlDataProvider
		Providers\DataProviders\SqlDataProvider\02.01.09.SqlDataProvider = Providers\DataProviders\SqlDataProvider\02.01.09.SqlDataProvider
		Providers\DataProviders\SqlDataProvider\02.01.10.SqlDataProvider = Providers\DataProviders\SqlDataProvider\02.01.10.SqlDataProvider
		Providers\DataProviders\SqlDataProvider\02.01.19.SqlDataProvider = Providers\DataProviders\SqlDataProvider\02.01.19.SqlDataProvider
		Providers\DataProviders\SqlDataProvider\02.01.23.SqlDataProvider = Providers\DataProviders\SqlDataProvider\02.01.23.SqlDataProvider
		Providers\DataProviders\SqlDataProvider\02.01.27.SqlDataProvider = Providers\DataProviders\SqlDataProvider\02.01.27.SqlDataProvider
		Providers\DataProviders\SqlDataProvider\02.01.29.SqlDataProvider = Providers\DataProviders\SqlDataProvider\02.01.29.SqlDataProvider
		Providers\DataProviders\SqlDataProvider\02.01.30.SqlDataProvider = Providers\DataProviders\SqlDataProvider\02.01.30.SqlDataProvider
		Providers\DataProviders\SqlDataProvider\02.01.31.SqlDataProvider = Providers\DataProviders\SqlDataProvider\02.01.31.SqlDataProvider
		Providers\DataProviders\SqlDataProvider\02.01.32.SqlDataProvider = Providers\DataProviders\SqlDataProvider\02.01.32.SqlDataProvider
		Providers\DataProviders\SqlDataProvider\02.01.37.SqlDataProvider = Providers\DataProviders\SqlDataProvider\02.01.37.SqlDataProvider
		Providers\DataProviders\SqlDataProvider\02.01.39.SqlDataProvider = Providers\DataProviders\SqlDataProvider\02.01.39.SqlDataProvider
		Providers\DataProviders\SqlDataProvider\02.01.42.SqlDataProvider = Providers\DataProviders\SqlDataProvider\02.01.42.SqlDataProvider
		Providers\DataProviders\SqlDataProvider\02.01.43.SqlDataProvider = Providers\DataProviders\SqlDataProvider\02.01.43.SqlDataProvider
		Providers\DataProviders\SqlDataProvider\02.01.44.SqlDataProvider = Providers\DataProviders\SqlDataProvider\02.01.44.SqlDataProvider
		Providers\DataProviders\SqlDataProvider\02.01.46.SqlDataProvider = Providers\DataProviders\SqlDataProvider\02.01.46.SqlDataProvider
		Providers\DataProviders\SqlDataProvider\03.01.00.SqlDataProvider = Providers\DataProviders\SqlDataProvider\03.01.00.SqlDataProvider
		Providers\DataProviders\SqlDataProvider\03.01.01.SqlDataProvider = Providers\DataProviders\SqlDataProvider\03.01.01.SqlDataProvider
		Providers\DataProviders\SqlDataProvider\03.01.02.SqlDataProvider = Providers\DataProviders\SqlDataProvider\03.01.02.SqlDataProvider
		Providers\DataProviders\SqlDataProvider\03.01.03.SqlDataProvider = Providers\DataProviders\SqlDataProvider\03.01.03.SqlDataProvider
		Providers\DataProviders\SqlDataProvider\03.01.04.SqlDataProvider = Providers\DataProviders\SqlDataProvider\03.01.04.SqlDataProvider
		Providers\DataProviders\SqlDataProvider\03.01.06.SqlDataProvider = Providers\DataProviders\SqlDataProvider\03.01.06.SqlDataProvider
		Providers\DataProviders\SqlDataProvider\03.01.07.SqlDataProvider = Providers\DataProviders\SqlDataProvider\03.01.07.SqlDataProvider
		Providers\DataProviders\SqlDataProvider\03.01.08.SqlDataProvider = Providers\DataProviders\SqlDataProvider\03.01.08.SqlDataProvider
		Providers\DataProviders\SqlDataProvider\03.01.10.SqlDataProvider = Providers\DataProviders\SqlDataProvider\03.01.10.SqlDataProvider
	EndProjectSection
EndProject
Project("{2150E333-8FDC-42A3-9474-1A3956D46DE8}") = "Solution Items", "Solution Items", "{60F242B3-2009-4954-9C45-BDAC9C0A547B}"
	ProjectSection(SolutionItems) = preProject
		History.txt = History.txt
	EndProjectSection
EndProject
Project("{FAE04EC0-301F-11D3-BF4B-00C04F79EFBC}") = "DotNetNuke.Store.Providers", "Providers\DotNetNuke.Store.Providers.csproj", "{1E004752-A1DD-46C2-9AB5-687C2B4555D7}"
EndProject
Project("{FAE04EC0-301F-11D3-BF4B-00C04F79EFBC}") = "DotNetNuke.Store.Components", "Components\DotNetNuke.Store.Components.csproj", "{933F85DC-00FE-494A-8604-F8C5D62F85DD}"
EndProject
Project("{FAE04EC0-301F-11D3-BF4B-00C04F79EFBC}") = "DotNetNuke.Store.Admin", "Admin\DotNetNuke.Store.Admin.csproj", "{C82B8EDC-1246-4F04-BDF7-FAC1468B9351}"
EndProject
Project("{FAE04EC0-301F-11D3-BF4B-00C04F79EFBC}") = "DotNetNuke.Store.Providers.Address.DefaultAddressProvider", "Providers\AddressProviders\DefaultAddressProvider\DotNetNuke.Store.Providers.Address.DefaultAddressProvider.csproj", "{12888BF6-7F7B-4446-97C0-181873EA30BF}"
EndProject
Project("{FAE04EC0-301F-11D3-BF4B-00C04F79EFBC}") = "DotNetNuke.Store.Providers.Address.DefaultAddressProvider.SqlDataProvider", "Providers\AddressProviders\DefaultAddressProvider\Providers\SqlDataProvider\DotNetNuke.Store.Providers.Address.DefaultAddressProvider.SqlDataProvider.csproj", "{CB9E0139-BCBD-4020-997B-60C94BDE7A63}"
EndProject
Project("{FAE04EC0-301F-11D3-BF4B-00C04F79EFBC}") = "DotNetNuke.Store.Customer", "Customer\DotNetNuke.Store.Customer.csproj", "{6BCB0DBD-6F52-4481-92C2-901CB78A21D6}"
EndProject
Project("{FAE04EC0-301F-11D3-BF4B-00C04F79EFBC}") = "DotNetNuke.Store.Cart", "Cart\DotNetNuke.Store.Cart.csproj", "{643E0708-2DF7-4727-8032-D4EC0B0EF72D}"
EndProject
Project("{FAE04EC0-301F-11D3-BF4B-00C04F79EFBC}") = "DotNetNuke.Store.Catalog", "Catalog\DotNetNuke.Store.Catalog.csproj", "{BDC12E34-B2DB-4191-8F87-8C19519CA7E0}"
EndProject
Project("{FAE04EC0-301F-11D3-BF4B-00C04F79EFBC}") = "DotNetNuke.Store.Cart.PayPalProvider", "Cart\Providers\GatewayProviders\PayPalProvider\DotNetNuke.Store.Cart.PayPalProvider.csproj", "{A4E48EBA-02BD-4ED6-9BD2-ED647FEBD4BF}"
EndProject
Project("{FAE04EC0-301F-11D3-BF4B-00C04F79EFBC}") = "DotNetNuke.Store.Admin.SqlDataProvider", "Admin\Providers\DataProviders\SqlDataProvider\DotNetNuke.Store.Admin.SqlDataProvider.csproj", "{42984B21-438F-4885-9212-2F8179E6FBD0}"
EndProject
Project("{FAE04EC0-301F-11D3-BF4B-00C04F79EFBC}") = "DotNetNuke.Store.Cart.AuthorizeNetProvider", "Cart\Providers\GatewayProviders\AuthorizeNetProvider\DotNetNuke.Store.Cart.AuthorizeNetProvider.csproj", "{3B91C8F4-F691-4E67-B0A9-3CE9E916A51D}"
EndProject
Project("{FAE04EC0-301F-11D3-BF4B-00C04F79EFBC}") = "DotNetNuke.Store.Cart.EmailProvider", "Cart\Providers\GatewayProviders\EmailProvider\DotNetNuke.Store.Cart.EmailProvider.csproj", "{426F1E23-7372-4F9F-80C5-3DAD1DB07A02}"
EndProject
Project("{FAE04EC0-301F-11D3-BF4B-00C04F79EFBC}") = "DotNetNuke.Store.Cart.SqlDataProvider", "Cart\Providers\DataProviders\SqlDataProvider\DotNetNuke.Store.Cart.SqlDataProvider.csproj", "{ECE10303-54A3-45FB-942D-B31F17029F73}"
EndProject
Project("{FAE04EC0-301F-11D3-BF4B-00C04F79EFBC}") = "DotNetNuke.Store.Catalog.SqlDataProvider", "Catalog\Providers\DataProviders\SqlDataProvider\DotNetNuke.Store.Catalog.SqlDataProvider.csproj", "{77D6B71A-57D3-4F10-8AEC-FE1CA7000363}"
EndProject
Project("{FAE04EC0-301F-11D3-BF4B-00C04F79EFBC}") = "DotNetNuke.Store.Customer.SqlDataProvider", "Customer\Providers\DataProviders\SqlDataProvider\DotNetNuke.Store.Customer.SqlDataProvider.csproj", "{D3EE7195-02F3-40BB-8CC7-9399D7E62B4B}"
EndProject
Project("{FAE04EC0-301F-11D3-BF4B-00C04F79EFBC}") = "DotNetNuke.Store.SkinObjects", "SkinObjects\DotNetNuke.Store.SkinObjects.csproj", "{83E73D17-B148-47A9-A378-811B2EBA8A70}"
EndProject
Project("{FAE04EC0-301F-11D3-BF4B-00C04F79EFBC}") = "DotNetNuke.Store.WebControls", "DotNetNuke.Store.WebControls.csproj", "{A1CD3384-D41D-49F9-BA02-D43D836CC9ED}"
EndProject
Project("{FAE04EC0-301F-11D3-BF4B-00C04F79EFBC}") = "DotNetNuke.Store.Providers.Shipping.DefaultShippingProvider", "Providers\ShippingProviders\DefaultShippingProvider\DotNetNuke.Store.Providers.Shipping.DefaultShippingProvider.csproj", "{F66F96DD-B745-4A75-8D2A-7BCF061ED3C4}"
EndProject
Project("{FAE04EC0-301F-11D3-BF4B-00C04F79EFBC}") = "DotNetNuke.Store.Providers.Shipping.DefaultShippingProvider.SqlDataProvider", "Providers\ShippingProviders\DefaultShippingProvider\Providers\SqlDataProvider\DotNetNuke.Store.Providers.Shipping.DefaultShippingProvider.SqlDataProvider.csproj", "{E19A6742-A525-42EB-86AB-D077A174FBB0}"
EndProject
Project("{FAE04EC0-301F-11D3-BF4B-00C04F79EFBC}") = "DotNetNuke.Store.Providers.Tax.DefaultTaxProvider", "Providers\TaxProviders\DefaultTaxProvider\DotNetNuke.Store.Providers.Tax.DefaultTaxProvider.csproj", "{3E7A1EB2-6E2C-4A3D-BC27-C665B3E30729}"
EndProject
Project("{FAE04EC0-301F-11D3-BF4B-00C04F79EFBC}") = "DotNetNuke.Store.Providers.Tax.DefaultTaxProvider.SqlDataProvider", "Providers\TaxProviders\DefaultTaxProvider\Providers\SqlDataProvider\DotNetNuke.Store.Providers.Tax.DefaultTaxProvider.SqlDataProvider.csproj", "{57D2C75D-9FEA-49CD-BE36-FB87CF3FCB0E}"
EndProject
Project("{F184B08F-C81C-45F6-A57F-5ABD9991F28F}") = "DotNetNuke.Store.Cart.AtosProvider", "Cart\Providers\GatewayProviders\AtosProvider\DotNetNuke.Store.Cart.AtosProvider.vbproj", "{2F2EFC59-38AF-45DA-B226-246F05B3F5AD}"
EndProject
Project("{FAE04EC0-301F-11D3-BF4B-00C04F79EFBC}") = "DotNetNuke.Store.Providers.Tax.CountryTaxProvider", "Providers\TaxProviders\CountryTaxProvider\DotNetNuke.Store.Providers.Tax.CountryTaxProvider.csproj", "{4CA50EE9-0607-419D-9EB1-E03DB2D0FF5A}"
EndProject
Project("{FAE04EC0-301F-11D3-BF4B-00C04F79EFBC}") = "DotNetNuke.Store.Providers.Tax.CountryTaxProvider.SqlDataProvider", "Providers\TaxProviders\CountryTaxProvider\Providers\SqlDataProvider\DotNetNuke.Store.Providers.Tax.CountryTaxProvider.SqlDataProvider.csproj", "{2AEACF8C-C7A7-4996-9F89-69E9EB066C3D}"
EndProject
Project("{FAE04EC0-301F-11D3-BF4B-00C04F79EFBC}") = "DotNetNuke.Store.Coupon.SqlDataProvider", "Coupon\Providers\DataProviders\SqlDataProvider\DotNetNuke.Store.Coupon.SqlDataProvider.csproj", "{50E6EBFB-F632-47AD-8CEE-5D4C639E36E7}"
EndProject
Project("{FAE04EC0-301F-11D3-BF4B-00C04F79EFBC}") = "DotNetNuke.Store.Coupon", "Coupon\DotNetNuke.Store.Coupon.csproj", "{BC7A3437-670D-493A-A0DF-5ABFAAD76A6C}"
EndProject
Project("{FAE04EC0-301F-11D3-BF4B-00C04F79EFBC}") = "DotNetNuke.Store.Cart.SystempayProvider", "Cart\Providers\GatewayProviders\SystempayProvider\DotNetNuke.Store.Cart.SystempayProvider.csproj", "{2065A27B-1E08-4729-B526-EEF44A28B4A3}"
EndProject
Global
	GlobalSection(SolutionConfigurationPlatforms) = preSolution
		Debug|.NET = Debug|.NET
		Debug|Any CPU = Debug|Any CPU
		Debug|Mixed Platforms = Debug|Mixed Platforms
		Release|.NET = Release|.NET
		Release|Any CPU = Release|Any CPU
		Release|Mixed Platforms = Release|Mixed Platforms
	EndGlobalSection
	GlobalSection(ProjectConfigurationPlatforms) = postSolution
		{1E004752-A1DD-46C2-9AB5-687C2B4555D7}.Debug|.NET.ActiveCfg = Debug|Any CPU
		{1E004752-A1DD-46C2-9AB5-687C2B4555D7}.Debug|Any CPU.ActiveCfg = Debug|Any CPU
		{1E004752-A1DD-46C2-9AB5-687C2B4555D7}.Debug|Any CPU.Build.0 = Debug|Any CPU
		{1E004752-A1DD-46C2-9AB5-687C2B4555D7}.Debug|Mixed Platforms.ActiveCfg = Debug|Any CPU
		{1E004752-A1DD-46C2-9AB5-687C2B4555D7}.Debug|Mixed Platforms.Build.0 = Debug|Any CPU
		{1E004752-A1DD-46C2-9AB5-687C2B4555D7}.Release|.NET.ActiveCfg = Release|Any CPU
		{1E004752-A1DD-46C2-9AB5-687C2B4555D7}.Release|Any CPU.ActiveCfg = Release|Any CPU
		{1E004752-A1DD-46C2-9AB5-687C2B4555D7}.Release|Any CPU.Build.0 = Release|Any CPU
		{1E004752-A1DD-46C2-9AB5-687C2B4555D7}.Release|Mixed Platforms.ActiveCfg = Release|Any CPU
		{1E004752-A1DD-46C2-9AB5-687C2B4555D7}.Release|Mixed Platforms.Build.0 = Release|Any CPU
		{933F85DC-00FE-494A-8604-F8C5D62F85DD}.Debug|.NET.ActiveCfg = Debug|Any CPU
		{933F85DC-00FE-494A-8604-F8C5D62F85DD}.Debug|Any CPU.ActiveCfg = Debug|Any CPU
		{933F85DC-00FE-494A-8604-F8C5D62F85DD}.Debug|Any CPU.Build.0 = Debug|Any CPU
		{933F85DC-00FE-494A-8604-F8C5D62F85DD}.Debug|Mixed Platforms.ActiveCfg = Debug|Any CPU
		{933F85DC-00FE-494A-8604-F8C5D62F85DD}.Debug|Mixed Platforms.Build.0 = Debug|Any CPU
		{933F85DC-00FE-494A-8604-F8C5D62F85DD}.Release|.NET.ActiveCfg = Release|Any CPU
		{933F85DC-00FE-494A-8604-F8C5D62F85DD}.Release|Any CPU.ActiveCfg = Release|Any CPU
		{933F85DC-00FE-494A-8604-F8C5D62F85DD}.Release|Any CPU.Build.0 = Release|Any CPU
		{933F85DC-00FE-494A-8604-F8C5D62F85DD}.Release|Mixed Platforms.ActiveCfg = Release|Any CPU
		{933F85DC-00FE-494A-8604-F8C5D62F85DD}.Release|Mixed Platforms.Build.0 = Release|Any CPU
		{C82B8EDC-1246-4F04-BDF7-FAC1468B9351}.Debug|.NET.ActiveCfg = Debug|Any CPU
		{C82B8EDC-1246-4F04-BDF7-FAC1468B9351}.Debug|Any CPU.ActiveCfg = Debug|Any CPU
		{C82B8EDC-1246-4F04-BDF7-FAC1468B9351}.Debug|Any CPU.Build.0 = Debug|Any CPU
		{C82B8EDC-1246-4F04-BDF7-FAC1468B9351}.Debug|Mixed Platforms.ActiveCfg = Debug|Any CPU
		{C82B8EDC-1246-4F04-BDF7-FAC1468B9351}.Debug|Mixed Platforms.Build.0 = Debug|Any CPU
		{C82B8EDC-1246-4F04-BDF7-FAC1468B9351}.Release|.NET.ActiveCfg = Release|Any CPU
		{C82B8EDC-1246-4F04-BDF7-FAC1468B9351}.Release|Any CPU.ActiveCfg = Release|Any CPU
		{C82B8EDC-1246-4F04-BDF7-FAC1468B9351}.Release|Any CPU.Build.0 = Release|Any CPU
		{C82B8EDC-1246-4F04-BDF7-FAC1468B9351}.Release|Mixed Platforms.ActiveCfg = Release|Any CPU
		{C82B8EDC-1246-4F04-BDF7-FAC1468B9351}.Release|Mixed Platforms.Build.0 = Release|Any CPU
		{12888BF6-7F7B-4446-97C0-181873EA30BF}.Debug|.NET.ActiveCfg = Debug|Any CPU
		{12888BF6-7F7B-4446-97C0-181873EA30BF}.Debug|Any CPU.ActiveCfg = Debug|Any CPU
		{12888BF6-7F7B-4446-97C0-181873EA30BF}.Debug|Any CPU.Build.0 = Debug|Any CPU
		{12888BF6-7F7B-4446-97C0-181873EA30BF}.Debug|Mixed Platforms.ActiveCfg = Debug|Any CPU
		{12888BF6-7F7B-4446-97C0-181873EA30BF}.Debug|Mixed Platforms.Build.0 = Debug|Any CPU
		{12888BF6-7F7B-4446-97C0-181873EA30BF}.Release|.NET.ActiveCfg = Release|Any CPU
		{12888BF6-7F7B-4446-97C0-181873EA30BF}.Release|Any CPU.ActiveCfg = Release|Any CPU
		{12888BF6-7F7B-4446-97C0-181873EA30BF}.Release|Any CPU.Build.0 = Release|Any CPU
		{12888BF6-7F7B-4446-97C0-181873EA30BF}.Release|Mixed Platforms.ActiveCfg = Release|Any CPU
		{12888BF6-7F7B-4446-97C0-181873EA30BF}.Release|Mixed Platforms.Build.0 = Release|Any CPU
		{CB9E0139-BCBD-4020-997B-60C94BDE7A63}.Debug|.NET.ActiveCfg = Debug|Any CPU
		{CB9E0139-BCBD-4020-997B-60C94BDE7A63}.Debug|Any CPU.ActiveCfg = Debug|Any CPU
		{CB9E0139-BCBD-4020-997B-60C94BDE7A63}.Debug|Any CPU.Build.0 = Debug|Any CPU
		{CB9E0139-BCBD-4020-997B-60C94BDE7A63}.Debug|Mixed Platforms.ActiveCfg = Debug|Any CPU
		{CB9E0139-BCBD-4020-997B-60C94BDE7A63}.Debug|Mixed Platforms.Build.0 = Debug|Any CPU
		{CB9E0139-BCBD-4020-997B-60C94BDE7A63}.Release|.NET.ActiveCfg = Release|Any CPU
		{CB9E0139-BCBD-4020-997B-60C94BDE7A63}.Release|Any CPU.ActiveCfg = Release|Any CPU
		{CB9E0139-BCBD-4020-997B-60C94BDE7A63}.Release|Any CPU.Build.0 = Release|Any CPU
		{CB9E0139-BCBD-4020-997B-60C94BDE7A63}.Release|Mixed Platforms.ActiveCfg = Release|Any CPU
		{CB9E0139-BCBD-4020-997B-60C94BDE7A63}.Release|Mixed Platforms.Build.0 = Release|Any CPU
		{6BCB0DBD-6F52-4481-92C2-901CB78A21D6}.Debug|.NET.ActiveCfg = Debug|Any CPU
		{6BCB0DBD-6F52-4481-92C2-901CB78A21D6}.Debug|Any CPU.ActiveCfg = Debug|Any CPU
		{6BCB0DBD-6F52-4481-92C2-901CB78A21D6}.Debug|Any CPU.Build.0 = Debug|Any CPU
		{6BCB0DBD-6F52-4481-92C2-901CB78A21D6}.Debug|Mixed Platforms.ActiveCfg = Debug|Any CPU
		{6BCB0DBD-6F52-4481-92C2-901CB78A21D6}.Debug|Mixed Platforms.Build.0 = Debug|Any CPU
		{6BCB0DBD-6F52-4481-92C2-901CB78A21D6}.Release|.NET.ActiveCfg = Release|Any CPU
		{6BCB0DBD-6F52-4481-92C2-901CB78A21D6}.Release|Any CPU.ActiveCfg = Release|Any CPU
		{6BCB0DBD-6F52-4481-92C2-901CB78A21D6}.Release|Any CPU.Build.0 = Release|Any CPU
		{6BCB0DBD-6F52-4481-92C2-901CB78A21D6}.Release|Mixed Platforms.ActiveCfg = Release|Any CPU
		{6BCB0DBD-6F52-4481-92C2-901CB78A21D6}.Release|Mixed Platforms.Build.0 = Release|Any CPU
		{643E0708-2DF7-4727-8032-D4EC0B0EF72D}.Debug|.NET.ActiveCfg = Debug|Any CPU
		{643E0708-2DF7-4727-8032-D4EC0B0EF72D}.Debug|Any CPU.ActiveCfg = Debug|Any CPU
		{643E0708-2DF7-4727-8032-D4EC0B0EF72D}.Debug|Any CPU.Build.0 = Debug|Any CPU
		{643E0708-2DF7-4727-8032-D4EC0B0EF72D}.Debug|Mixed Platforms.ActiveCfg = Debug|Any CPU
		{643E0708-2DF7-4727-8032-D4EC0B0EF72D}.Debug|Mixed Platforms.Build.0 = Debug|Any CPU
		{643E0708-2DF7-4727-8032-D4EC0B0EF72D}.Release|.NET.ActiveCfg = Release|Any CPU
		{643E0708-2DF7-4727-8032-D4EC0B0EF72D}.Release|Any CPU.ActiveCfg = Release|Any CPU
		{643E0708-2DF7-4727-8032-D4EC0B0EF72D}.Release|Any CPU.Build.0 = Release|Any CPU
		{643E0708-2DF7-4727-8032-D4EC0B0EF72D}.Release|Mixed Platforms.ActiveCfg = Release|Any CPU
		{643E0708-2DF7-4727-8032-D4EC0B0EF72D}.Release|Mixed Platforms.Build.0 = Release|Any CPU
		{BDC12E34-B2DB-4191-8F87-8C19519CA7E0}.Debug|.NET.ActiveCfg = Debug|Any CPU
		{BDC12E34-B2DB-4191-8F87-8C19519CA7E0}.Debug|Any CPU.ActiveCfg = Debug|Any CPU
		{BDC12E34-B2DB-4191-8F87-8C19519CA7E0}.Debug|Any CPU.Build.0 = Debug|Any CPU
		{BDC12E34-B2DB-4191-8F87-8C19519CA7E0}.Debug|Mixed Platforms.ActiveCfg = Debug|Any CPU
		{BDC12E34-B2DB-4191-8F87-8C19519CA7E0}.Debug|Mixed Platforms.Build.0 = Debug|Any CPU
		{BDC12E34-B2DB-4191-8F87-8C19519CA7E0}.Release|.NET.ActiveCfg = Release|Any CPU
		{BDC12E34-B2DB-4191-8F87-8C19519CA7E0}.Release|Any CPU.ActiveCfg = Release|Any CPU
		{BDC12E34-B2DB-4191-8F87-8C19519CA7E0}.Release|Any CPU.Build.0 = Release|Any CPU
		{BDC12E34-B2DB-4191-8F87-8C19519CA7E0}.Release|Mixed Platforms.ActiveCfg = Release|Any CPU
		{BDC12E34-B2DB-4191-8F87-8C19519CA7E0}.Release|Mixed Platforms.Build.0 = Release|Any CPU
		{A4E48EBA-02BD-4ED6-9BD2-ED647FEBD4BF}.Debug|.NET.ActiveCfg = Debug|Any CPU
		{A4E48EBA-02BD-4ED6-9BD2-ED647FEBD4BF}.Debug|Any CPU.ActiveCfg = Debug|Any CPU
		{A4E48EBA-02BD-4ED6-9BD2-ED647FEBD4BF}.Debug|Any CPU.Build.0 = Debug|Any CPU
		{A4E48EBA-02BD-4ED6-9BD2-ED647FEBD4BF}.Debug|Mixed Platforms.ActiveCfg = Debug|Any CPU
		{A4E48EBA-02BD-4ED6-9BD2-ED647FEBD4BF}.Debug|Mixed Platforms.Build.0 = Debug|Any CPU
		{A4E48EBA-02BD-4ED6-9BD2-ED647FEBD4BF}.Release|.NET.ActiveCfg = Release|Any CPU
		{A4E48EBA-02BD-4ED6-9BD2-ED647FEBD4BF}.Release|Any CPU.ActiveCfg = Release|Any CPU
		{A4E48EBA-02BD-4ED6-9BD2-ED647FEBD4BF}.Release|Any CPU.Build.0 = Release|Any CPU
		{A4E48EBA-02BD-4ED6-9BD2-ED647FEBD4BF}.Release|Mixed Platforms.ActiveCfg = Release|Any CPU
		{A4E48EBA-02BD-4ED6-9BD2-ED647FEBD4BF}.Release|Mixed Platforms.Build.0 = Release|Any CPU
		{42984B21-438F-4885-9212-2F8179E6FBD0}.Debug|.NET.ActiveCfg = Debug|Any CPU
		{42984B21-438F-4885-9212-2F8179E6FBD0}.Debug|Any CPU.ActiveCfg = Debug|Any CPU
		{42984B21-438F-4885-9212-2F8179E6FBD0}.Debug|Any CPU.Build.0 = Debug|Any CPU
		{42984B21-438F-4885-9212-2F8179E6FBD0}.Debug|Mixed Platforms.ActiveCfg = Debug|Any CPU
		{42984B21-438F-4885-9212-2F8179E6FBD0}.Debug|Mixed Platforms.Build.0 = Debug|Any CPU
		{42984B21-438F-4885-9212-2F8179E6FBD0}.Release|.NET.ActiveCfg = Release|Any CPU
		{42984B21-438F-4885-9212-2F8179E6FBD0}.Release|Any CPU.ActiveCfg = Release|Any CPU
		{42984B21-438F-4885-9212-2F8179E6FBD0}.Release|Any CPU.Build.0 = Release|Any CPU
		{42984B21-438F-4885-9212-2F8179E6FBD0}.Release|Mixed Platforms.ActiveCfg = Release|Any CPU
		{42984B21-438F-4885-9212-2F8179E6FBD0}.Release|Mixed Platforms.Build.0 = Release|Any CPU
		{3B91C8F4-F691-4E67-B0A9-3CE9E916A51D}.Debug|.NET.ActiveCfg = Debug|Any CPU
		{3B91C8F4-F691-4E67-B0A9-3CE9E916A51D}.Debug|Any CPU.ActiveCfg = Debug|Any CPU
		{3B91C8F4-F691-4E67-B0A9-3CE9E916A51D}.Debug|Any CPU.Build.0 = Debug|Any CPU
		{3B91C8F4-F691-4E67-B0A9-3CE9E916A51D}.Debug|Mixed Platforms.ActiveCfg = Debug|Any CPU
		{3B91C8F4-F691-4E67-B0A9-3CE9E916A51D}.Debug|Mixed Platforms.Build.0 = Debug|Any CPU
		{3B91C8F4-F691-4E67-B0A9-3CE9E916A51D}.Release|.NET.ActiveCfg = Release|Any CPU
		{3B91C8F4-F691-4E67-B0A9-3CE9E916A51D}.Release|Any CPU.ActiveCfg = Release|Any CPU
		{3B91C8F4-F691-4E67-B0A9-3CE9E916A51D}.Release|Any CPU.Build.0 = Release|Any CPU
		{3B91C8F4-F691-4E67-B0A9-3CE9E916A51D}.Release|Mixed Platforms.ActiveCfg = Release|Any CPU
		{3B91C8F4-F691-4E67-B0A9-3CE9E916A51D}.Release|Mixed Platforms.Build.0 = Release|Any CPU
		{426F1E23-7372-4F9F-80C5-3DAD1DB07A02}.Debug|.NET.ActiveCfg = Debug|Any CPU
		{426F1E23-7372-4F9F-80C5-3DAD1DB07A02}.Debug|Any CPU.ActiveCfg = Debug|Any CPU
		{426F1E23-7372-4F9F-80C5-3DAD1DB07A02}.Debug|Any CPU.Build.0 = Debug|Any CPU
		{426F1E23-7372-4F9F-80C5-3DAD1DB07A02}.Debug|Mixed Platforms.ActiveCfg = Debug|Any CPU
		{426F1E23-7372-4F9F-80C5-3DAD1DB07A02}.Debug|Mixed Platforms.Build.0 = Debug|Any CPU
		{426F1E23-7372-4F9F-80C5-3DAD1DB07A02}.Release|.NET.ActiveCfg = Release|Any CPU
		{426F1E23-7372-4F9F-80C5-3DAD1DB07A02}.Release|Any CPU.ActiveCfg = Release|Any CPU
		{426F1E23-7372-4F9F-80C5-3DAD1DB07A02}.Release|Any CPU.Build.0 = Release|Any CPU
		{426F1E23-7372-4F9F-80C5-3DAD1DB07A02}.Release|Mixed Platforms.ActiveCfg = Release|Any CPU
		{426F1E23-7372-4F9F-80C5-3DAD1DB07A02}.Release|Mixed Platforms.Build.0 = Release|Any CPU
		{ECE10303-54A3-45FB-942D-B31F17029F73}.Debug|.NET.ActiveCfg = Debug|Any CPU
		{ECE10303-54A3-45FB-942D-B31F17029F73}.Debug|Any CPU.ActiveCfg = Debug|Any CPU
		{ECE10303-54A3-45FB-942D-B31F17029F73}.Debug|Any CPU.Build.0 = Debug|Any CPU
		{ECE10303-54A3-45FB-942D-B31F17029F73}.Debug|Mixed Platforms.ActiveCfg = Debug|Any CPU
		{ECE10303-54A3-45FB-942D-B31F17029F73}.Debug|Mixed Platforms.Build.0 = Debug|Any CPU
		{ECE10303-54A3-45FB-942D-B31F17029F73}.Release|.NET.ActiveCfg = Release|Any CPU
		{ECE10303-54A3-45FB-942D-B31F17029F73}.Release|Any CPU.ActiveCfg = Release|Any CPU
		{ECE10303-54A3-45FB-942D-B31F17029F73}.Release|Any CPU.Build.0 = Release|Any CPU
		{ECE10303-54A3-45FB-942D-B31F17029F73}.Release|Mixed Platforms.ActiveCfg = Release|Any CPU
		{ECE10303-54A3-45FB-942D-B31F17029F73}.Release|Mixed Platforms.Build.0 = Release|Any CPU
		{77D6B71A-57D3-4F10-8AEC-FE1CA7000363}.Debug|.NET.ActiveCfg = Debug|Any CPU
		{77D6B71A-57D3-4F10-8AEC-FE1CA7000363}.Debug|Any CPU.ActiveCfg = Debug|Any CPU
		{77D6B71A-57D3-4F10-8AEC-FE1CA7000363}.Debug|Any CPU.Build.0 = Debug|Any CPU
		{77D6B71A-57D3-4F10-8AEC-FE1CA7000363}.Debug|Mixed Platforms.ActiveCfg = Debug|Any CPU
		{77D6B71A-57D3-4F10-8AEC-FE1CA7000363}.Debug|Mixed Platforms.Build.0 = Debug|Any CPU
		{77D6B71A-57D3-4F10-8AEC-FE1CA7000363}.Release|.NET.ActiveCfg = Release|Any CPU
		{77D6B71A-57D3-4F10-8AEC-FE1CA7000363}.Release|Any CPU.ActiveCfg = Release|Any CPU
		{77D6B71A-57D3-4F10-8AEC-FE1CA7000363}.Release|Any CPU.Build.0 = Release|Any CPU
		{77D6B71A-57D3-4F10-8AEC-FE1CA7000363}.Release|Mixed Platforms.ActiveCfg = Release|Any CPU
		{77D6B71A-57D3-4F10-8AEC-FE1CA7000363}.Release|Mixed Platforms.Build.0 = Release|Any CPU
		{D3EE7195-02F3-40BB-8CC7-9399D7E62B4B}.Debug|.NET.ActiveCfg = Debug|Any CPU
		{D3EE7195-02F3-40BB-8CC7-9399D7E62B4B}.Debug|Any CPU.ActiveCfg = Debug|Any CPU
		{D3EE7195-02F3-40BB-8CC7-9399D7E62B4B}.Debug|Any CPU.Build.0 = Debug|Any CPU
		{D3EE7195-02F3-40BB-8CC7-9399D7E62B4B}.Debug|Mixed Platforms.ActiveCfg = Debug|Any CPU
		{D3EE7195-02F3-40BB-8CC7-9399D7E62B4B}.Debug|Mixed Platforms.Build.0 = Debug|Any CPU
		{D3EE7195-02F3-40BB-8CC7-9399D7E62B4B}.Release|.NET.ActiveCfg = Release|Any CPU
		{D3EE7195-02F3-40BB-8CC7-9399D7E62B4B}.Release|Any CPU.ActiveCfg = Release|Any CPU
		{D3EE7195-02F3-40BB-8CC7-9399D7E62B4B}.Release|Any CPU.Build.0 = Release|Any CPU
		{D3EE7195-02F3-40BB-8CC7-9399D7E62B4B}.Release|Mixed Platforms.ActiveCfg = Release|Any CPU
		{D3EE7195-02F3-40BB-8CC7-9399D7E62B4B}.Release|Mixed Platforms.Build.0 = Release|Any CPU
		{83E73D17-B148-47A9-A378-811B2EBA8A70}.Debug|.NET.ActiveCfg = Debug|Any CPU
		{83E73D17-B148-47A9-A378-811B2EBA8A70}.Debug|Any CPU.ActiveCfg = Debug|Any CPU
		{83E73D17-B148-47A9-A378-811B2EBA8A70}.Debug|Any CPU.Build.0 = Debug|Any CPU
		{83E73D17-B148-47A9-A378-811B2EBA8A70}.Debug|Mixed Platforms.ActiveCfg = Debug|Any CPU
		{83E73D17-B148-47A9-A378-811B2EBA8A70}.Debug|Mixed Platforms.Build.0 = Debug|Any CPU
		{83E73D17-B148-47A9-A378-811B2EBA8A70}.Release|.NET.ActiveCfg = Release|Any CPU
		{83E73D17-B148-47A9-A378-811B2EBA8A70}.Release|Any CPU.ActiveCfg = Release|Any CPU
		{83E73D17-B148-47A9-A378-811B2EBA8A70}.Release|Any CPU.Build.0 = Release|Any CPU
		{83E73D17-B148-47A9-A378-811B2EBA8A70}.Release|Mixed Platforms.ActiveCfg = Release|Any CPU
		{83E73D17-B148-47A9-A378-811B2EBA8A70}.Release|Mixed Platforms.Build.0 = Release|Any CPU
		{A1CD3384-D41D-49F9-BA02-D43D836CC9ED}.Debug|.NET.ActiveCfg = Debug|Any CPU
		{A1CD3384-D41D-49F9-BA02-D43D836CC9ED}.Debug|Any CPU.ActiveCfg = Debug|Any CPU
		{A1CD3384-D41D-49F9-BA02-D43D836CC9ED}.Debug|Any CPU.Build.0 = Debug|Any CPU
		{A1CD3384-D41D-49F9-BA02-D43D836CC9ED}.Debug|Mixed Platforms.ActiveCfg = Debug|Any CPU
		{A1CD3384-D41D-49F9-BA02-D43D836CC9ED}.Debug|Mixed Platforms.Build.0 = Debug|Any CPU
		{A1CD3384-D41D-49F9-BA02-D43D836CC9ED}.Release|.NET.ActiveCfg = Release|Any CPU
		{A1CD3384-D41D-49F9-BA02-D43D836CC9ED}.Release|Any CPU.ActiveCfg = Release|Any CPU
		{A1CD3384-D41D-49F9-BA02-D43D836CC9ED}.Release|Any CPU.Build.0 = Release|Any CPU
		{A1CD3384-D41D-49F9-BA02-D43D836CC9ED}.Release|Mixed Platforms.ActiveCfg = Release|Any CPU
		{A1CD3384-D41D-49F9-BA02-D43D836CC9ED}.Release|Mixed Platforms.Build.0 = Release|Any CPU
		{F66F96DD-B745-4A75-8D2A-7BCF061ED3C4}.Debug|.NET.ActiveCfg = Debug|Any CPU
		{F66F96DD-B745-4A75-8D2A-7BCF061ED3C4}.Debug|Any CPU.ActiveCfg = Debug|Any CPU
		{F66F96DD-B745-4A75-8D2A-7BCF061ED3C4}.Debug|Any CPU.Build.0 = Debug|Any CPU
		{F66F96DD-B745-4A75-8D2A-7BCF061ED3C4}.Debug|Mixed Platforms.ActiveCfg = Debug|Any CPU
		{F66F96DD-B745-4A75-8D2A-7BCF061ED3C4}.Debug|Mixed Platforms.Build.0 = Debug|Any CPU
		{F66F96DD-B745-4A75-8D2A-7BCF061ED3C4}.Release|.NET.ActiveCfg = Release|Any CPU
		{F66F96DD-B745-4A75-8D2A-7BCF061ED3C4}.Release|Any CPU.ActiveCfg = Release|Any CPU
		{F66F96DD-B745-4A75-8D2A-7BCF061ED3C4}.Release|Any CPU.Build.0 = Release|Any CPU
		{F66F96DD-B745-4A75-8D2A-7BCF061ED3C4}.Release|Mixed Platforms.ActiveCfg = Release|Any CPU
		{F66F96DD-B745-4A75-8D2A-7BCF061ED3C4}.Release|Mixed Platforms.Build.0 = Release|Any CPU
		{E19A6742-A525-42EB-86AB-D077A174FBB0}.Debug|.NET.ActiveCfg = Debug|Any CPU
		{E19A6742-A525-42EB-86AB-D077A174FBB0}.Debug|Any CPU.ActiveCfg = Debug|Any CPU
		{E19A6742-A525-42EB-86AB-D077A174FBB0}.Debug|Any CPU.Build.0 = Debug|Any CPU
		{E19A6742-A525-42EB-86AB-D077A174FBB0}.Debug|Mixed Platforms.ActiveCfg = Debug|Any CPU
		{E19A6742-A525-42EB-86AB-D077A174FBB0}.Debug|Mixed Platforms.Build.0 = Debug|Any CPU
		{E19A6742-A525-42EB-86AB-D077A174FBB0}.Release|.NET.ActiveCfg = Release|Any CPU
		{E19A6742-A525-42EB-86AB-D077A174FBB0}.Release|Any CPU.ActiveCfg = Release|Any CPU
		{E19A6742-A525-42EB-86AB-D077A174FBB0}.Release|Any CPU.Build.0 = Release|Any CPU
		{E19A6742-A525-42EB-86AB-D077A174FBB0}.Release|Mixed Platforms.ActiveCfg = Release|Any CPU
		{E19A6742-A525-42EB-86AB-D077A174FBB0}.Release|Mixed Platforms.Build.0 = Release|Any CPU
		{3E7A1EB2-6E2C-4A3D-BC27-C665B3E30729}.Debug|.NET.ActiveCfg = Debug|Any CPU
		{3E7A1EB2-6E2C-4A3D-BC27-C665B3E30729}.Debug|Any CPU.ActiveCfg = Debug|Any CPU
		{3E7A1EB2-6E2C-4A3D-BC27-C665B3E30729}.Debug|Any CPU.Build.0 = Debug|Any CPU
		{3E7A1EB2-6E2C-4A3D-BC27-C665B3E30729}.Debug|Mixed Platforms.ActiveCfg = Debug|Any CPU
		{3E7A1EB2-6E2C-4A3D-BC27-C665B3E30729}.Debug|Mixed Platforms.Build.0 = Debug|Any CPU
		{3E7A1EB2-6E2C-4A3D-BC27-C665B3E30729}.Release|.NET.ActiveCfg = Release|Any CPU
		{3E7A1EB2-6E2C-4A3D-BC27-C665B3E30729}.Release|Any CPU.ActiveCfg = Release|Any CPU
		{3E7A1EB2-6E2C-4A3D-BC27-C665B3E30729}.Release|Any CPU.Build.0 = Release|Any CPU
		{3E7A1EB2-6E2C-4A3D-BC27-C665B3E30729}.Release|Mixed Platforms.ActiveCfg = Release|Any CPU
		{3E7A1EB2-6E2C-4A3D-BC27-C665B3E30729}.Release|Mixed Platforms.Build.0 = Release|Any CPU
		{57D2C75D-9FEA-49CD-BE36-FB87CF3FCB0E}.Debug|.NET.ActiveCfg = Debug|Any CPU
		{57D2C75D-9FEA-49CD-BE36-FB87CF3FCB0E}.Debug|Any CPU.ActiveCfg = Debug|Any CPU
		{57D2C75D-9FEA-49CD-BE36-FB87CF3FCB0E}.Debug|Any CPU.Build.0 = Debug|Any CPU
		{57D2C75D-9FEA-49CD-BE36-FB87CF3FCB0E}.Debug|Mixed Platforms.ActiveCfg = Debug|Any CPU
		{57D2C75D-9FEA-49CD-BE36-FB87CF3FCB0E}.Debug|Mixed Platforms.Build.0 = Debug|Any CPU
		{57D2C75D-9FEA-49CD-BE36-FB87CF3FCB0E}.Release|.NET.ActiveCfg = Release|Any CPU
		{57D2C75D-9FEA-49CD-BE36-FB87CF3FCB0E}.Release|Any CPU.ActiveCfg = Release|Any CPU
		{57D2C75D-9FEA-49CD-BE36-FB87CF3FCB0E}.Release|Any CPU.Build.0 = Release|Any CPU
		{57D2C75D-9FEA-49CD-BE36-FB87CF3FCB0E}.Release|Mixed Platforms.ActiveCfg = Release|Any CPU
		{57D2C75D-9FEA-49CD-BE36-FB87CF3FCB0E}.Release|Mixed Platforms.Build.0 = Release|Any CPU
		{2F2EFC59-38AF-45DA-B226-246F05B3F5AD}.Debug|.NET.ActiveCfg = Debug|Any CPU
		{2F2EFC59-38AF-45DA-B226-246F05B3F5AD}.Debug|Any CPU.ActiveCfg = Debug|Any CPU
		{2F2EFC59-38AF-45DA-B226-246F05B3F5AD}.Debug|Any CPU.Build.0 = Debug|Any CPU
		{2F2EFC59-38AF-45DA-B226-246F05B3F5AD}.Debug|Mixed Platforms.ActiveCfg = Debug|Any CPU
		{2F2EFC59-38AF-45DA-B226-246F05B3F5AD}.Debug|Mixed Platforms.Build.0 = Debug|Any CPU
		{2F2EFC59-38AF-45DA-B226-246F05B3F5AD}.Release|.NET.ActiveCfg = Release|Any CPU
		{2F2EFC59-38AF-45DA-B226-246F05B3F5AD}.Release|Any CPU.ActiveCfg = Release|Any CPU
		{2F2EFC59-38AF-45DA-B226-246F05B3F5AD}.Release|Any CPU.Build.0 = Release|Any CPU
		{2F2EFC59-38AF-45DA-B226-246F05B3F5AD}.Release|Mixed Platforms.ActiveCfg = Release|Any CPU
		{2F2EFC59-38AF-45DA-B226-246F05B3F5AD}.Release|Mixed Platforms.Build.0 = Release|Any CPU
		{4CA50EE9-0607-419D-9EB1-E03DB2D0FF5A}.Debug|.NET.ActiveCfg = Debug|Any CPU
		{4CA50EE9-0607-419D-9EB1-E03DB2D0FF5A}.Debug|Any CPU.ActiveCfg = Debug|Any CPU
		{4CA50EE9-0607-419D-9EB1-E03DB2D0FF5A}.Debug|Any CPU.Build.0 = Debug|Any CPU
		{4CA50EE9-0607-419D-9EB1-E03DB2D0FF5A}.Debug|Mixed Platforms.ActiveCfg = Debug|Any CPU
		{4CA50EE9-0607-419D-9EB1-E03DB2D0FF5A}.Debug|Mixed Platforms.Build.0 = Debug|Any CPU
		{4CA50EE9-0607-419D-9EB1-E03DB2D0FF5A}.Release|.NET.ActiveCfg = Release|Any CPU
		{4CA50EE9-0607-419D-9EB1-E03DB2D0FF5A}.Release|Any CPU.ActiveCfg = Release|Any CPU
		{4CA50EE9-0607-419D-9EB1-E03DB2D0FF5A}.Release|Any CPU.Build.0 = Release|Any CPU
		{4CA50EE9-0607-419D-9EB1-E03DB2D0FF5A}.Release|Mixed Platforms.ActiveCfg = Release|Any CPU
		{4CA50EE9-0607-419D-9EB1-E03DB2D0FF5A}.Release|Mixed Platforms.Build.0 = Release|Any CPU
		{2AEACF8C-C7A7-4996-9F89-69E9EB066C3D}.Debug|.NET.ActiveCfg = Debug|Any CPU
		{2AEACF8C-C7A7-4996-9F89-69E9EB066C3D}.Debug|Any CPU.ActiveCfg = Debug|Any CPU
		{2AEACF8C-C7A7-4996-9F89-69E9EB066C3D}.Debug|Any CPU.Build.0 = Debug|Any CPU
		{2AEACF8C-C7A7-4996-9F89-69E9EB066C3D}.Debug|Mixed Platforms.ActiveCfg = Debug|Any CPU
		{2AEACF8C-C7A7-4996-9F89-69E9EB066C3D}.Debug|Mixed Platforms.Build.0 = Debug|Any CPU
		{2AEACF8C-C7A7-4996-9F89-69E9EB066C3D}.Release|.NET.ActiveCfg = Release|Any CPU
		{2AEACF8C-C7A7-4996-9F89-69E9EB066C3D}.Release|Any CPU.ActiveCfg = Release|Any CPU
		{2AEACF8C-C7A7-4996-9F89-69E9EB066C3D}.Release|Any CPU.Build.0 = Release|Any CPU
		{2AEACF8C-C7A7-4996-9F89-69E9EB066C3D}.Release|Mixed Platforms.ActiveCfg = Release|Any CPU
		{2AEACF8C-C7A7-4996-9F89-69E9EB066C3D}.Release|Mixed Platforms.Build.0 = Release|Any CPU
		{50E6EBFB-F632-47AD-8CEE-5D4C639E36E7}.Debug|.NET.ActiveCfg = Debug|Any CPU
		{50E6EBFB-F632-47AD-8CEE-5D4C639E36E7}.Debug|Any CPU.ActiveCfg = Debug|Any CPU
		{50E6EBFB-F632-47AD-8CEE-5D4C639E36E7}.Debug|Any CPU.Build.0 = Debug|Any CPU
		{50E6EBFB-F632-47AD-8CEE-5D4C639E36E7}.Debug|Mixed Platforms.ActiveCfg = Debug|Any CPU
		{50E6EBFB-F632-47AD-8CEE-5D4C639E36E7}.Debug|Mixed Platforms.Build.0 = Debug|Any CPU
		{50E6EBFB-F632-47AD-8CEE-5D4C639E36E7}.Release|.NET.ActiveCfg = Release|Any CPU
		{50E6EBFB-F632-47AD-8CEE-5D4C639E36E7}.Release|Any CPU.ActiveCfg = Release|Any CPU
		{50E6EBFB-F632-47AD-8CEE-5D4C639E36E7}.Release|Any CPU.Build.0 = Release|Any CPU
		{50E6EBFB-F632-47AD-8CEE-5D4C639E36E7}.Release|Mixed Platforms.ActiveCfg = Release|Any CPU
		{50E6EBFB-F632-47AD-8CEE-5D4C639E36E7}.Release|Mixed Platforms.Build.0 = Release|Any CPU
		{BC7A3437-670D-493A-A0DF-5ABFAAD76A6C}.Debug|.NET.ActiveCfg = Debug|Any CPU
		{BC7A3437-670D-493A-A0DF-5ABFAAD76A6C}.Debug|Any CPU.ActiveCfg = Debug|Any CPU
		{BC7A3437-670D-493A-A0DF-5ABFAAD76A6C}.Debug|Any CPU.Build.0 = Debug|Any CPU
		{BC7A3437-670D-493A-A0DF-5ABFAAD76A6C}.Debug|Mixed Platforms.ActiveCfg = Debug|Any CPU
		{BC7A3437-670D-493A-A0DF-5ABFAAD76A6C}.Debug|Mixed Platforms.Build.0 = Debug|Any CPU
		{BC7A3437-670D-493A-A0DF-5ABFAAD76A6C}.Release|.NET.ActiveCfg = Release|Any CPU
		{BC7A3437-670D-493A-A0DF-5ABFAAD76A6C}.Release|Any CPU.ActiveCfg = Release|Any CPU
		{BC7A3437-670D-493A-A0DF-5ABFAAD76A6C}.Release|Any CPU.Build.0 = Release|Any CPU
		{BC7A3437-670D-493A-A0DF-5ABFAAD76A6C}.Release|Mixed Platforms.ActiveCfg = Release|Any CPU
		{BC7A3437-670D-493A-A0DF-5ABFAAD76A6C}.Release|Mixed Platforms.Build.0 = Release|Any CPU
		{2065A27B-1E08-4729-B526-EEF44A28B4A3}.Debug|.NET.ActiveCfg = Debug|Any CPU
		{2065A27B-1E08-4729-B526-EEF44A28B4A3}.Debug|Any CPU.ActiveCfg = Debug|Any CPU
		{2065A27B-1E08-4729-B526-EEF44A28B4A3}.Debug|Any CPU.Build.0 = Debug|Any CPU
		{2065A27B-1E08-4729-B526-EEF44A28B4A3}.Debug|Mixed Platforms.ActiveCfg = Debug|Any CPU
		{2065A27B-1E08-4729-B526-EEF44A28B4A3}.Debug|Mixed Platforms.Build.0 = Debug|Any CPU
		{2065A27B-1E08-4729-B526-EEF44A28B4A3}.Release|.NET.ActiveCfg = Release|Any CPU
		{2065A27B-1E08-4729-B526-EEF44A28B4A3}.Release|Any CPU.ActiveCfg = Release|Any CPU
		{2065A27B-1E08-4729-B526-EEF44A28B4A3}.Release|Any CPU.Build.0 = Release|Any CPU
		{2065A27B-1E08-4729-B526-EEF44A28B4A3}.Release|Mixed Platforms.ActiveCfg = Release|Any CPU
		{2065A27B-1E08-4729-B526-EEF44A28B4A3}.Release|Mixed Platforms.Build.0 = Release|Any CPU
	EndGlobalSection
	GlobalSection(SolutionProperties) = preSolution
		HideSolutionNode = FALSE
	EndGlobalSection
EndGlobal
