
Microsoft Visual Studio Solution File, Format Version 12.00
# Visual Studio 15
VisualStudioVersion = 15.0.27428.2037
MinimumVisualStudioVersion = 10.0.40219.1
Project("{FAE04EC0-301F-11D3-BF4B-00C04F79EFBC}") = "DotNetNuke.Store.Core", "Core\DotNetNuke.Store.Core.csproj", "{2C181A6F-FAEB-4A42-9032-5F37C39AF980}"
EndProject
Project("{F184B08F-C81C-45F6-A57F-5ABD9991F28F}") = "DotNetNuke.Store.Core.Cart.AtosProvider", "Core\Cart\GatewayProviders\AtosProvider\DotNetNuke.Store.Core.Cart.AtosProvider.vbproj", "{2F2EFC59-38AF-45DA-B226-246F05B3F5AD}"
	ProjectSection(ProjectDependencies) = postProject
		{2C181A6F-FAEB-4A42-9032-5F37C39AF980} = {2C181A6F-FAEB-4A42-9032-5F37C39AF980}
	EndProjectSection
EndProject
Project("{FAE04EC0-301F-11D3-BF4B-00C04F79EFBC}") = "DotNetNuke.Store.Core.Cart.AuthorizeNetProvider", "Core\Cart\GatewayProviders\AuthorizeNetProvider\DotNetNuke.Store.Core.Cart.AuthorizeNetProvider.csproj", "{3B91C8F4-F691-4E67-B0A9-3CE9E916A51D}"
EndProject
Project("{FAE04EC0-301F-11D3-BF4B-00C04F79EFBC}") = "DotNetNuke.Store.Core.Cart.EmailProvider", "Core\Cart\GatewayProviders\EmailProvider\DotNetNuke.Store.Core.Cart.EmailProvider.csproj", "{426F1E23-7372-4F9F-80C5-3DAD1DB07A02}"
EndProject
Project("{FAE04EC0-301F-11D3-BF4B-00C04F79EFBC}") = "DotNetNuke.Store.Core.Cart.PayPalProvider", "Core\Cart\GatewayProviders\PayPalProvider\DotNetNuke.Store.Core.Cart.PayPalProvider.csproj", "{A4E48EBA-02BD-4ED6-9BD2-ED647FEBD4BF}"
EndProject
Project("{FAE04EC0-301F-11D3-BF4B-00C04F79EFBC}") = "DotNetNuke.Store.Core.Cart.SystempayProvider", "Core\Cart\GatewayProviders\SystempayProvider\DotNetNuke.Store.Core.Cart.SystempayProvider.csproj", "{2065A27B-1E08-4729-B526-EEF44A28B4A3}"
EndProject
Project("{FAE04EC0-301F-11D3-BF4B-00C04F79EFBC}") = "DotNetNuke.Store.Providers.Address.DefaultAddressProvider", "Providers\AddressProviders\DefaultAddressProvider\DotNetNuke.Store.Providers.Address.DefaultAddressProvider.csproj", "{12888BF6-7F7B-4446-97C0-181873EA30BF}"
EndProject
Project("{FAE04EC0-301F-11D3-BF4B-00C04F79EFBC}") = "DotNetNuke.Store.Providers.Shipping.DefaultShippingProvider", "Providers\ShippingProviders\DefaultShippingProvider\DotNetNuke.Store.Providers.Shipping.DefaultShippingProvider.csproj", "{F66F96DD-B745-4A75-8D2A-7BCF061ED3C4}"
EndProject
Project("{FAE04EC0-301F-11D3-BF4B-00C04F79EFBC}") = "DotNetNuke.Store.Providers.Tax.CountryTaxProvider", "Providers\TaxProviders\CountryTaxProvider\DotNetNuke.Store.Providers.Tax.CountryTaxProvider.csproj", "{4CA50EE9-0607-419D-9EB1-E03DB2D0FF5A}"
EndProject
Project("{FAE04EC0-301F-11D3-BF4B-00C04F79EFBC}") = "DotNetNuke.Store.Providers.Tax.DefaultTaxProvider", "Providers\TaxProviders\DefaultTaxProvider\DotNetNuke.Store.Providers.Tax.DefaultTaxProvider.csproj", "{3E7A1EB2-6E2C-4A3D-BC27-C665B3E30729}"
EndProject
Project("{FAE04EC0-301F-11D3-BF4B-00C04F79EFBC}") = "DotNetNuke.Store.WebControls", "DotNetNuke.Store.WebControls.csproj", "{A1CD3384-D41D-49F9-BA02-D43D836CC9ED}"
EndProject
Project("{FAE04EC0-301F-11D3-BF4B-00C04F79EFBC}") = "DotNetNuke.Store.SkinObjects", "SkinObjects\DotNetNuke.Store.SkinObjects.csproj", "{83E73D17-B148-47A9-A378-811B2EBA8A70}"
EndProject
Project("{FAE04EC0-301F-11D3-BF4B-00C04F79EFBC}") = "DotNetNuke.Store.API", "API\DotNetNuke.Store.API.csproj", "{94D573AA-A168-480E-8C3F-F4D766410349}"
EndProject
Project("{2150E333-8FDC-42A3-9474-1A3956D46DE8}") = "Templates", "Templates", "{8A9C31CF-0924-44D5-BCCC-9CF36D7DBACB}"
	ProjectSection(SolutionItems) = preProject
		Templates\AlsoBoughtProduct.htm = Templates\AlsoBoughtProduct.htm
		Templates\AlsoBoughtProduct_Small.htm = Templates\AlsoBoughtProduct_Small.htm
		Templates\Catalog.htm = Templates\Catalog.htm
		Templates\CategoryContainer.htm = Templates\CategoryContainer.htm
		Templates\FeaturedProduct.htm = Templates\FeaturedProduct.htm
		Templates\FeaturedProduct_Small.htm = Templates\FeaturedProduct_Small.htm
		Templates\ListContainer.htm = Templates\ListContainer.htm
		Templates\NewProduct.htm = Templates\NewProduct.htm
		Templates\NewProduct_Small.htm = Templates\NewProduct_Small.htm
		Templates\PopularProduct.htm = Templates\PopularProduct.htm
		Templates\PopularProduct_Small.htm = Templates\PopularProduct_Small.htm
		Templates\ProductDetail.htm = Templates\ProductDetail.htm
		Templates\ProductDetailFullInfo.htm = Templates\ProductDetailFullInfo.htm
		Templates\ProductList.htm = Templates\ProductList.htm
		Templates\ProductListFullInfo.htm = Templates\ProductListFullInfo.htm
		Templates\Script.js = Templates\Script.js
		Templates\SearchResultsList.htm = Templates\SearchResultsList.htm
		Templates\Template.css = Templates\Template.css
		Templates\TemplateDesign.css = Templates\TemplateDesign.css
		Templates\UListContainer.htm = Templates\UListContainer.htm
	EndProjectSection
EndProject
Project("{2150E333-8FDC-42A3-9474-1A3956D46DE8}") = "Documentation", "Documentation", "{09FDFBB0-3B11-4CF7-862D-070297B5AA9C}"
	ProjectSection(SolutionItems) = preProject
		Documentation\History.txt = Documentation\History.txt
		Documentation\Licence.txt = Documentation\Licence.txt
		Documentation\ReleaseNotes.txt = Documentation\ReleaseNotes.txt
	EndProjectSection
EndProject
Project("{2150E333-8FDC-42A3-9474-1A3956D46DE8}") = "SqlDataProviders", "SqlDataProviders", "{29CC7567-771D-4670-937E-2D172C222799}"
	ProjectSection(SolutionItems) = preProject
		Providers\DataProviders\SqlDataProvider\01.00.00.sqldataprovider = Providers\DataProviders\SqlDataProvider\01.00.00.sqldataprovider
		Providers\DataProviders\SqlDataProvider\01.00.01.sqldataprovider = Providers\DataProviders\SqlDataProvider\01.00.01.sqldataprovider
		Providers\DataProviders\SqlDataProvider\02.00.00.sqldataprovider = Providers\DataProviders\SqlDataProvider\02.00.00.sqldataprovider
		Providers\DataProviders\SqlDataProvider\02.00.01.sqldataprovider = Providers\DataProviders\SqlDataProvider\02.00.01.sqldataprovider
		Providers\DataProviders\SqlDataProvider\02.00.02.sqldataprovider = Providers\DataProviders\SqlDataProvider\02.00.02.sqldataprovider
		Providers\DataProviders\SqlDataProvider\02.00.03.sqldataprovider = Providers\DataProviders\SqlDataProvider\02.00.03.sqldataprovider
		Providers\DataProviders\SqlDataProvider\02.00.05.sqldataprovider = Providers\DataProviders\SqlDataProvider\02.00.05.sqldataprovider
		Providers\DataProviders\SqlDataProvider\02.00.06.sqldataprovider = Providers\DataProviders\SqlDataProvider\02.00.06.sqldataprovider
		Providers\DataProviders\SqlDataProvider\02.00.07.sqldataprovider = Providers\DataProviders\SqlDataProvider\02.00.07.sqldataprovider
		Providers\DataProviders\SqlDataProvider\02.01.00.sqldataprovider = Providers\DataProviders\SqlDataProvider\02.01.00.sqldataprovider
		Providers\DataProviders\SqlDataProvider\02.01.05.sqldataprovider = Providers\DataProviders\SqlDataProvider\02.01.05.sqldataprovider
		Providers\DataProviders\SqlDataProvider\02.01.09.sqldataprovider = Providers\DataProviders\SqlDataProvider\02.01.09.sqldataprovider
		Providers\DataProviders\SqlDataProvider\02.01.10.sqldataprovider = Providers\DataProviders\SqlDataProvider\02.01.10.sqldataprovider
		Providers\DataProviders\SqlDataProvider\02.01.19.sqldataprovider = Providers\DataProviders\SqlDataProvider\02.01.19.sqldataprovider
		Providers\DataProviders\SqlDataProvider\02.01.23.sqldataprovider = Providers\DataProviders\SqlDataProvider\02.01.23.sqldataprovider
		Providers\DataProviders\SqlDataProvider\02.01.27.sqldataprovider = Providers\DataProviders\SqlDataProvider\02.01.27.sqldataprovider
		Providers\DataProviders\SqlDataProvider\02.01.29.sqldataprovider = Providers\DataProviders\SqlDataProvider\02.01.29.sqldataprovider
		Providers\DataProviders\SqlDataProvider\02.01.30.sqldataprovider = Providers\DataProviders\SqlDataProvider\02.01.30.sqldataprovider
		Providers\DataProviders\SqlDataProvider\02.01.31.sqldataprovider = Providers\DataProviders\SqlDataProvider\02.01.31.sqldataprovider
		Providers\DataProviders\SqlDataProvider\02.01.32.sqldataprovider = Providers\DataProviders\SqlDataProvider\02.01.32.sqldataprovider
		Providers\DataProviders\SqlDataProvider\02.01.37.sqldataprovider = Providers\DataProviders\SqlDataProvider\02.01.37.sqldataprovider
		Providers\DataProviders\SqlDataProvider\02.01.39.sqldataprovider = Providers\DataProviders\SqlDataProvider\02.01.39.sqldataprovider
		Providers\DataProviders\SqlDataProvider\02.01.42.sqldataprovider = Providers\DataProviders\SqlDataProvider\02.01.42.sqldataprovider
		Providers\DataProviders\SqlDataProvider\02.01.43.SqlDataProvider = Providers\DataProviders\SqlDataProvider\02.01.43.SqlDataProvider
		Providers\DataProviders\SqlDataProvider\02.01.44.SqlDataProvider = Providers\DataProviders\SqlDataProvider\02.01.44.SqlDataProvider
		Providers\DataProviders\SqlDataProvider\02.01.46.SqlDataProvider = Providers\DataProviders\SqlDataProvider\02.01.46.SqlDataProvider
		Providers\DataProviders\SqlDataProvider\03.01.00.SqlDataProvider = Providers\DataProviders\SqlDataProvider\03.01.00.SqlDataProvider
		Providers\DataProviders\SqlDataProvider\03.01.01.SqlDataProvider = Providers\DataProviders\SqlDataProvider\03.01.01.SqlDataProvider
		Providers\DataProviders\SqlDataProvider\03.01.02.SqlDataProvider = Providers\DataProviders\SqlDataProvider\03.01.02.SqlDataProvider
		Providers\DataProviders\SqlDataProvider\03.01.03.SqlDataProvider = Providers\DataProviders\SqlDataProvider\03.01.03.SqlDataProvider
		Providers\DataProviders\SqlDataProvider\03.01.04.SqlDataProvider = Providers\DataProviders\SqlDataProvider\03.01.04.SqlDataProvider
		Providers\DataProviders\SqlDataProvider\03.01.06.SqlDataProvider = Providers\DataProviders\SqlDataProvider\03.01.06.SqlDataProvider
		Providers\DataProviders\SqlDataProvider\03.01.07.SqlDataProvider = Providers\DataProviders\SqlDataProvider\03.01.07.SqlDataProvider
		Providers\DataProviders\SqlDataProvider\03.01.08.SqlDataProvider = Providers\DataProviders\SqlDataProvider\03.01.08.SqlDataProvider
		Providers\DataProviders\SqlDataProvider\03.01.10.SqlDataProvider = Providers\DataProviders\SqlDataProvider\03.01.10.SqlDataProvider
		Providers\DataProviders\SqlDataProvider\04.00.00.SqlDataProvider = Providers\DataProviders\SqlDataProvider\04.00.00.SqlDataProvider
		Providers\DataProviders\SqlDataProvider\Uninstall.sqldataprovider = Providers\DataProviders\SqlDataProvider\Uninstall.sqldataprovider
	EndProjectSection
EndProject
Project("{2150E333-8FDC-42A3-9474-1A3956D46DE8}") = "CleanUp", "CleanUp", "{9D75F69E-0B7C-4C08-8FD7-99803A1B86E1}"
	ProjectSection(SolutionItems) = preProject
		CleanUp\02.01.23.txt = CleanUp\02.01.23.txt
		CleanUp\02.01.27.txt = CleanUp\02.01.27.txt
		CleanUp\02.01.37.txt = CleanUp\02.01.37.txt
		CleanUp\02.01.46.txt = CleanUp\02.01.46.txt
		CleanUp\04.00.00.txt = CleanUp\04.00.00.txt
	EndProjectSection
EndProject
Global
	GlobalSection(SolutionConfigurationPlatforms) = preSolution
		Debug|Any CPU = Debug|Any CPU
		Release|Any CPU = Release|Any CPU
	EndGlobalSection
	GlobalSection(ProjectConfigurationPlatforms) = postSolution
		{2C181A6F-FAEB-4A42-9032-5F37C39AF980}.Debug|Any CPU.ActiveCfg = Debug|Any CPU
		{2C181A6F-FAEB-4A42-9032-5F37C39AF980}.Debug|Any CPU.Build.0 = Debug|Any CPU
		{2C181A6F-FAEB-4A42-9032-5F37C39AF980}.Release|Any CPU.ActiveCfg = Release|Any CPU
		{2C181A6F-FAEB-4A42-9032-5F37C39AF980}.Release|Any CPU.Build.0 = Release|Any CPU
		{2F2EFC59-38AF-45DA-B226-246F05B3F5AD}.Debug|Any CPU.ActiveCfg = Debug|Any CPU
		{2F2EFC59-38AF-45DA-B226-246F05B3F5AD}.Debug|Any CPU.Build.0 = Debug|Any CPU
		{2F2EFC59-38AF-45DA-B226-246F05B3F5AD}.Release|Any CPU.ActiveCfg = Release|Any CPU
		{2F2EFC59-38AF-45DA-B226-246F05B3F5AD}.Release|Any CPU.Build.0 = Release|Any CPU
		{3B91C8F4-F691-4E67-B0A9-3CE9E916A51D}.Debug|Any CPU.ActiveCfg = Debug|Any CPU
		{3B91C8F4-F691-4E67-B0A9-3CE9E916A51D}.Debug|Any CPU.Build.0 = Debug|Any CPU
		{3B91C8F4-F691-4E67-B0A9-3CE9E916A51D}.Release|Any CPU.ActiveCfg = Release|Any CPU
		{3B91C8F4-F691-4E67-B0A9-3CE9E916A51D}.Release|Any CPU.Build.0 = Release|Any CPU
		{426F1E23-7372-4F9F-80C5-3DAD1DB07A02}.Debug|Any CPU.ActiveCfg = Debug|Any CPU
		{426F1E23-7372-4F9F-80C5-3DAD1DB07A02}.Debug|Any CPU.Build.0 = Debug|Any CPU
		{426F1E23-7372-4F9F-80C5-3DAD1DB07A02}.Release|Any CPU.ActiveCfg = Release|Any CPU
		{426F1E23-7372-4F9F-80C5-3DAD1DB07A02}.Release|Any CPU.Build.0 = Release|Any CPU
		{A4E48EBA-02BD-4ED6-9BD2-ED647FEBD4BF}.Debug|Any CPU.ActiveCfg = Debug|Any CPU
		{A4E48EBA-02BD-4ED6-9BD2-ED647FEBD4BF}.Debug|Any CPU.Build.0 = Debug|Any CPU
		{A4E48EBA-02BD-4ED6-9BD2-ED647FEBD4BF}.Release|Any CPU.ActiveCfg = Release|Any CPU
		{A4E48EBA-02BD-4ED6-9BD2-ED647FEBD4BF}.Release|Any CPU.Build.0 = Release|Any CPU
		{2065A27B-1E08-4729-B526-EEF44A28B4A3}.Debug|Any CPU.ActiveCfg = Debug|Any CPU
		{2065A27B-1E08-4729-B526-EEF44A28B4A3}.Debug|Any CPU.Build.0 = Debug|Any CPU
		{2065A27B-1E08-4729-B526-EEF44A28B4A3}.Release|Any CPU.ActiveCfg = Release|Any CPU
		{2065A27B-1E08-4729-B526-EEF44A28B4A3}.Release|Any CPU.Build.0 = Release|Any CPU
		{12888BF6-7F7B-4446-97C0-181873EA30BF}.Debug|Any CPU.ActiveCfg = Debug|Any CPU
		{12888BF6-7F7B-4446-97C0-181873EA30BF}.Debug|Any CPU.Build.0 = Debug|Any CPU
		{12888BF6-7F7B-4446-97C0-181873EA30BF}.Release|Any CPU.ActiveCfg = Release|Any CPU
		{12888BF6-7F7B-4446-97C0-181873EA30BF}.Release|Any CPU.Build.0 = Release|Any CPU
		{F66F96DD-B745-4A75-8D2A-7BCF061ED3C4}.Debug|Any CPU.ActiveCfg = Debug|Any CPU
		{F66F96DD-B745-4A75-8D2A-7BCF061ED3C4}.Debug|Any CPU.Build.0 = Debug|Any CPU
		{F66F96DD-B745-4A75-8D2A-7BCF061ED3C4}.Release|Any CPU.ActiveCfg = Release|Any CPU
		{F66F96DD-B745-4A75-8D2A-7BCF061ED3C4}.Release|Any CPU.Build.0 = Release|Any CPU
		{4CA50EE9-0607-419D-9EB1-E03DB2D0FF5A}.Debug|Any CPU.ActiveCfg = Debug|Any CPU
		{4CA50EE9-0607-419D-9EB1-E03DB2D0FF5A}.Debug|Any CPU.Build.0 = Debug|Any CPU
		{4CA50EE9-0607-419D-9EB1-E03DB2D0FF5A}.Release|Any CPU.ActiveCfg = Release|Any CPU
		{4CA50EE9-0607-419D-9EB1-E03DB2D0FF5A}.Release|Any CPU.Build.0 = Release|Any CPU
		{3E7A1EB2-6E2C-4A3D-BC27-C665B3E30729}.Debug|Any CPU.ActiveCfg = Debug|Any CPU
		{3E7A1EB2-6E2C-4A3D-BC27-C665B3E30729}.Debug|Any CPU.Build.0 = Debug|Any CPU
		{3E7A1EB2-6E2C-4A3D-BC27-C665B3E30729}.Release|Any CPU.ActiveCfg = Release|Any CPU
		{3E7A1EB2-6E2C-4A3D-BC27-C665B3E30729}.Release|Any CPU.Build.0 = Release|Any CPU
		{A1CD3384-D41D-49F9-BA02-D43D836CC9ED}.Debug|Any CPU.ActiveCfg = Debug|Any CPU
		{A1CD3384-D41D-49F9-BA02-D43D836CC9ED}.Debug|Any CPU.Build.0 = Debug|Any CPU
		{A1CD3384-D41D-49F9-BA02-D43D836CC9ED}.Release|Any CPU.ActiveCfg = Release|Any CPU
		{A1CD3384-D41D-49F9-BA02-D43D836CC9ED}.Release|Any CPU.Build.0 = Release|Any CPU
		{83E73D17-B148-47A9-A378-811B2EBA8A70}.Debug|Any CPU.ActiveCfg = Debug|Any CPU
		{83E73D17-B148-47A9-A378-811B2EBA8A70}.Debug|Any CPU.Build.0 = Debug|Any CPU
		{83E73D17-B148-47A9-A378-811B2EBA8A70}.Release|Any CPU.ActiveCfg = Release|Any CPU
		{83E73D17-B148-47A9-A378-811B2EBA8A70}.Release|Any CPU.Build.0 = Release|Any CPU
		{94D573AA-A168-480E-8C3F-F4D766410349}.Debug|Any CPU.ActiveCfg = Debug|Any CPU
		{94D573AA-A168-480E-8C3F-F4D766410349}.Debug|Any CPU.Build.0 = Debug|Any CPU
		{94D573AA-A168-480E-8C3F-F4D766410349}.Release|Any CPU.ActiveCfg = Release|Any CPU
		{94D573AA-A168-480E-8C3F-F4D766410349}.Release|Any CPU.Build.0 = Release|Any CPU
	EndGlobalSection
	GlobalSection(SolutionProperties) = preSolution
		HideSolutionNode = FALSE
	EndGlobalSection
	GlobalSection(ExtensibilityGlobals) = postSolution
		SolutionGuid = {2230F810-784B-4C85-9E42-897478D1C86A}
	EndGlobalSection
EndGlobal
